// !$*UTF8*$!
{
	archiveVersion = 1;
	classes = {
	};
	objectVersion = 56;
	objects = {

/* Begin PBXBuildFile section */
		CE32727D29379B250061784E /* main.swift in Sources */ = {isa = PBXBuildFile; fileRef = CE32727C29379B250061784E /* main.swift */; };
		CE8F2C6329478B8600C52592 /* main.swift in Sources */ = {isa = PBXBuildFile; fileRef = CE8F2C6229478B8600C52592 /* main.swift */; };
		CE8F2C6929478CC400C52592 /* Utils.swift in Sources */ = {isa = PBXBuildFile; fileRef = CEF8A0302938C7C800EC89AF /* Utils.swift */; };
		CE8F2C7129479B8F00C52592 /* main.swift in Sources */ = {isa = PBXBuildFile; fileRef = CE8F2C7029479B8F00C52592 /* main.swift */; };
		CE8F2C7729479C0100C52592 /* Utils.swift in Sources */ = {isa = PBXBuildFile; fileRef = CEF8A0302938C7C800EC89AF /* Utils.swift */; };
		CE8F2C7929479DBC00C52592 /* Extensions.swift in Sources */ = {isa = PBXBuildFile; fileRef = CE8F2C7829479DBC00C52592 /* Extensions.swift */; };
		CE8F2C7A29479DBC00C52592 /* Extensions.swift in Sources */ = {isa = PBXBuildFile; fileRef = CE8F2C7829479DBC00C52592 /* Extensions.swift */; };
		CE8F2C7B29479DBC00C52592 /* Extensions.swift in Sources */ = {isa = PBXBuildFile; fileRef = CE8F2C7829479DBC00C52592 /* Extensions.swift */; };
		CE8F2C832947E21600C52592 /* main.swift in Sources */ = {isa = PBXBuildFile; fileRef = CE8F2C822947E21600C52592 /* main.swift */; };
		CE8F2C892947E28700C52592 /* Extensions.swift in Sources */ = {isa = PBXBuildFile; fileRef = CE8F2C7829479DBC00C52592 /* Extensions.swift */; };
		CE8F2C8A2947E28700C52592 /* Utils.swift in Sources */ = {isa = PBXBuildFile; fileRef = CEF8A0302938C7C800EC89AF /* Utils.swift */; };
		CE8F2C922947F73E00C52592 /* main.swift in Sources */ = {isa = PBXBuildFile; fileRef = CE8F2C912947F73E00C52592 /* main.swift */; };
		CE8F2C992947F7A000C52592 /* Utils.swift in Sources */ = {isa = PBXBuildFile; fileRef = CEF8A0302938C7C800EC89AF /* Utils.swift */; };
		CE8F2C9A2948072500C52592 /* Extensions.swift in Sources */ = {isa = PBXBuildFile; fileRef = CE8F2C7829479DBC00C52592 /* Extensions.swift */; };
		CE8F2CA2294890B500C52592 /* main.swift in Sources */ = {isa = PBXBuildFile; fileRef = CE8F2CA1294890B500C52592 /* main.swift */; };
		CE8F2CA82948911C00C52592 /* Extensions.swift in Sources */ = {isa = PBXBuildFile; fileRef = CE8F2C7829479DBC00C52592 /* Extensions.swift */; };
		CE8F2CA92948911C00C52592 /* Utils.swift in Sources */ = {isa = PBXBuildFile; fileRef = CEF8A0302938C7C800EC89AF /* Utils.swift */; };
		CEF8A0312938C7C800EC89AF /* Utils.swift in Sources */ = {isa = PBXBuildFile; fileRef = CEF8A0302938C7C800EC89AF /* Utils.swift */; };
/* End PBXBuildFile section */

/* Begin PBXCopyFilesBuildPhase section */
		CE32727729379B250061784E /* CopyFiles */ = {
			isa = PBXCopyFilesBuildPhase;
			buildActionMask = 2147483647;
			dstPath = /usr/share/man/man1/;
			dstSubfolderSpec = 0;
			files = (
			);
			runOnlyForDeploymentPostprocessing = 1;
		};
		CE8F2C5E29478B8600C52592 /* CopyFiles */ = {
			isa = PBXCopyFilesBuildPhase;
			buildActionMask = 2147483647;
			dstPath = /usr/share/man/man1/;
			dstSubfolderSpec = 0;
			files = (
			);
			runOnlyForDeploymentPostprocessing = 1;
		};
		CE8F2C6C29479B8F00C52592 /* CopyFiles */ = {
			isa = PBXCopyFilesBuildPhase;
			buildActionMask = 2147483647;
			dstPath = /usr/share/man/man1/;
			dstSubfolderSpec = 0;
			files = (
			);
			runOnlyForDeploymentPostprocessing = 1;
		};
		CE8F2C7E2947E21500C52592 /* CopyFiles */ = {
			isa = PBXCopyFilesBuildPhase;
			buildActionMask = 2147483647;
			dstPath = /usr/share/man/man1/;
			dstSubfolderSpec = 0;
			files = (
			);
			runOnlyForDeploymentPostprocessing = 1;
		};
		CE8F2C8D2947F73E00C52592 /* CopyFiles */ = {
			isa = PBXCopyFilesBuildPhase;
			buildActionMask = 2147483647;
			dstPath = /usr/share/man/man1/;
			dstSubfolderSpec = 0;
			files = (
			);
			runOnlyForDeploymentPostprocessing = 1;
		};
		CE8F2C9D294890B500C52592 /* CopyFiles */ = {
			isa = PBXCopyFilesBuildPhase;
			buildActionMask = 2147483647;
			dstPath = /usr/share/man/man1/;
			dstSubfolderSpec = 0;
			files = (
			);
			runOnlyForDeploymentPostprocessing = 1;
		};
/* End PBXCopyFilesBuildPhase section */

/* Begin PBXFileReference section */
		CE32727929379B250061784E /* Day 01 */ = {isa = PBXFileReference; explicitFileType = "compiled.mach-o.executable"; includeInIndex = 0; path = "Day 01"; sourceTree = BUILT_PRODUCTS_DIR; };
		CE32727C29379B250061784E /* main.swift */ = {isa = PBXFileReference; lastKnownFileType = sourcecode.swift; path = main.swift; sourceTree = "<group>"; };
		CE8F2C6029478B8600C52592 /* Day 02 */ = {isa = PBXFileReference; explicitFileType = "compiled.mach-o.executable"; includeInIndex = 0; path = "Day 02"; sourceTree = BUILT_PRODUCTS_DIR; };
		CE8F2C6229478B8600C52592 /* main.swift */ = {isa = PBXFileReference; lastKnownFileType = sourcecode.swift; path = main.swift; sourceTree = "<group>"; };
		CE8F2C6729478C3E00C52592 /* 02test.txt */ = {isa = PBXFileReference; lastKnownFileType = text; path = 02test.txt; sourceTree = "<group>"; };
		CE8F2C6829478C5100C52592 /* 02.txt */ = {isa = PBXFileReference; lastKnownFileType = text; path = 02.txt; sourceTree = "<group>"; };
		CE8F2C6E29479B8F00C52592 /* Day 03 */ = {isa = PBXFileReference; explicitFileType = "compiled.mach-o.executable"; includeInIndex = 0; path = "Day 03"; sourceTree = BUILT_PRODUCTS_DIR; };
		CE8F2C7029479B8F00C52592 /* main.swift */ = {isa = PBXFileReference; lastKnownFileType = sourcecode.swift; path = main.swift; sourceTree = "<group>"; };
		CE8F2C7529479BA300C52592 /* 03test.txt */ = {isa = PBXFileReference; lastKnownFileType = text; path = 03test.txt; sourceTree = "<group>"; };
		CE8F2C7629479BB100C52592 /* 03.txt */ = {isa = PBXFileReference; lastKnownFileType = text; path = 03.txt; sourceTree = "<group>"; };
		CE8F2C7829479DBC00C52592 /* Extensions.swift */ = {isa = PBXFileReference; lastKnownFileType = sourcecode.swift; path = Extensions.swift; sourceTree = "<group>"; };
		CE8F2C802947E21500C52592 /* Day 04 */ = {isa = PBXFileReference; explicitFileType = "compiled.mach-o.executable"; includeInIndex = 0; path = "Day 04"; sourceTree = BUILT_PRODUCTS_DIR; };
		CE8F2C822947E21600C52592 /* main.swift */ = {isa = PBXFileReference; lastKnownFileType = sourcecode.swift; path = main.swift; sourceTree = "<group>"; };
		CE8F2C872947E22F00C52592 /* 04.txt */ = {isa = PBXFileReference; lastKnownFileType = text; path = 04.txt; sourceTree = "<group>"; };
		CE8F2C882947E23F00C52592 /* 04test.txt */ = {isa = PBXFileReference; lastKnownFileType = text; path = 04test.txt; sourceTree = "<group>"; };
		CE8F2C8F2947F73E00C52592 /* Day 05 */ = {isa = PBXFileReference; explicitFileType = "compiled.mach-o.executable"; includeInIndex = 0; path = "Day 05"; sourceTree = BUILT_PRODUCTS_DIR; };
		CE8F2C912947F73E00C52592 /* main.swift */ = {isa = PBXFileReference; lastKnownFileType = sourcecode.swift; path = main.swift; sourceTree = "<group>"; };
		CE8F2C962947F74E00C52592 /* 05test.txt */ = {isa = PBXFileReference; lastKnownFileType = text; path = 05test.txt; sourceTree = "<group>"; };
		CE8F2C972947F75F00C52592 /* 05.txt */ = {isa = PBXFileReference; lastKnownFileType = text; path = 05.txt; sourceTree = "<group>"; };
		CE8F2C9F294890B500C52592 /* Day 06 */ = {isa = PBXFileReference; explicitFileType = "compiled.mach-o.executable"; includeInIndex = 0; path = "Day 06"; sourceTree = BUILT_PRODUCTS_DIR; };
		CE8F2CA1294890B500C52592 /* main.swift */ = {isa = PBXFileReference; lastKnownFileType = sourcecode.swift; path = main.swift; sourceTree = "<group>"; };
		CE8F2CA6294890CA00C52592 /* 06test.txt */ = {isa = PBXFileReference; lastKnownFileType = text; path = 06test.txt; sourceTree = "<group>"; };
		CE8F2CA7294890D900C52592 /* 06.txt */ = {isa = PBXFileReference; lastKnownFileType = text; path = 06.txt; sourceTree = "<group>"; };
		CEF8A02F2938C69600EC89AF /* 01test.txt */ = {isa = PBXFileReference; lastKnownFileType = text; path = 01test.txt; sourceTree = "<group>"; };
		CEF8A0302938C7C800EC89AF /* Utils.swift */ = {isa = PBXFileReference; lastKnownFileType = sourcecode.swift; path = Utils.swift; sourceTree = "<group>"; };
		CEF8A0322938CCA700EC89AF /* 01.txt */ = {isa = PBXFileReference; lastKnownFileType = text; path = 01.txt; sourceTree = "<group>"; };
/* End PBXFileReference section */

/* Begin PBXFrameworksBuildPhase section */
		CE32727629379B250061784E /* Frameworks */ = {
			isa = PBXFrameworksBuildPhase;
			buildActionMask = 2147483647;
			files = (
			);
			runOnlyForDeploymentPostprocessing = 0;
		};
		CE8F2C5D29478B8600C52592 /* Frameworks */ = {
			isa = PBXFrameworksBuildPhase;
			buildActionMask = 2147483647;
			files = (
			);
			runOnlyForDeploymentPostprocessing = 0;
		};
		CE8F2C6B29479B8F00C52592 /* Frameworks */ = {
			isa = PBXFrameworksBuildPhase;
			buildActionMask = 2147483647;
			files = (
			);
			runOnlyForDeploymentPostprocessing = 0;
		};
		CE8F2C7D2947E21500C52592 /* Frameworks */ = {
			isa = PBXFrameworksBuildPhase;
			buildActionMask = 2147483647;
			files = (
			);
			runOnlyForDeploymentPostprocessing = 0;
		};
		CE8F2C8C2947F73E00C52592 /* Frameworks */ = {
			isa = PBXFrameworksBuildPhase;
			buildActionMask = 2147483647;
			files = (
			);
			runOnlyForDeploymentPostprocessing = 0;
		};
		CE8F2C9C294890B500C52592 /* Frameworks */ = {
			isa = PBXFrameworksBuildPhase;
			buildActionMask = 2147483647;
			files = (
			);
			runOnlyForDeploymentPostprocessing = 0;
		};
/* End PBXFrameworksBuildPhase section */

/* Begin PBXGroup section */
		CE32727029379B250061784E = {
			isa = PBXGroup;
			children = (
				CE8F2C7829479DBC00C52592 /* Extensions.swift */,
				CEF8A0302938C7C800EC89AF /* Utils.swift */,
				CE32727B29379B250061784E /* Day 01 */,
				CE8F2C6129478B8600C52592 /* Day 02 */,
				CE8F2C6F29479B8F00C52592 /* Day 03 */,
				CE8F2C812947E21600C52592 /* Day 04 */,
				CE8F2C902947F73E00C52592 /* Day 05 */,
				CE8F2CA0294890B500C52592 /* Day 06 */,
				CE32727A29379B250061784E /* Products */,
			);
			sourceTree = "<group>";
		};
		CE32727A29379B250061784E /* Products */ = {
			isa = PBXGroup;
			children = (
				CE32727929379B250061784E /* Day 01 */,
				CE8F2C6029478B8600C52592 /* Day 02 */,
				CE8F2C6E29479B8F00C52592 /* Day 03 */,
				CE8F2C802947E21500C52592 /* Day 04 */,
				CE8F2C8F2947F73E00C52592 /* Day 05 */,
				CE8F2C9F294890B500C52592 /* Day 06 */,
			);
			name = Products;
			sourceTree = "<group>";
		};
		CE32727B29379B250061784E /* Day 01 */ = {
			isa = PBXGroup;
			children = (
				CE32727C29379B250061784E /* main.swift */,
				CEF8A02F2938C69600EC89AF /* 01test.txt */,
				CEF8A0322938CCA700EC89AF /* 01.txt */,
			);
			path = "Day 01";
			sourceTree = "<group>";
		};
		CE8F2C6129478B8600C52592 /* Day 02 */ = {
			isa = PBXGroup;
			children = (
				CE8F2C6229478B8600C52592 /* main.swift */,
				CE8F2C6729478C3E00C52592 /* 02test.txt */,
				CE8F2C6829478C5100C52592 /* 02.txt */,
			);
			path = "Day 02";
			sourceTree = "<group>";
		};
		CE8F2C6F29479B8F00C52592 /* Day 03 */ = {
			isa = PBXGroup;
			children = (
				CE8F2C7029479B8F00C52592 /* main.swift */,
				CE8F2C7529479BA300C52592 /* 03test.txt */,
				CE8F2C7629479BB100C52592 /* 03.txt */,
			);
			path = "Day 03";
			sourceTree = "<group>";
		};
		CE8F2C812947E21600C52592 /* Day 04 */ = {
			isa = PBXGroup;
			children = (
				CE8F2C822947E21600C52592 /* main.swift */,
				CE8F2C872947E22F00C52592 /* 04.txt */,
				CE8F2C882947E23F00C52592 /* 04test.txt */,
			);
			path = "Day 04";
			sourceTree = "<group>";
		};
		CE8F2C902947F73E00C52592 /* Day 05 */ = {
			isa = PBXGroup;
			children = (
				CE8F2C912947F73E00C52592 /* main.swift */,
				CE8F2C962947F74E00C52592 /* 05test.txt */,
				CE8F2C972947F75F00C52592 /* 05.txt */,
			);
			path = "Day 05";
			sourceTree = "<group>";
		};
		CE8F2CA0294890B500C52592 /* Day 06 */ = {
			isa = PBXGroup;
			children = (
				CE8F2CA1294890B500C52592 /* main.swift */,
				CE8F2CA6294890CA00C52592 /* 06test.txt */,
				CE8F2CA7294890D900C52592 /* 06.txt */,
			);
			path = "Day 06";
			sourceTree = "<group>";
		};
/* End PBXGroup section */

/* Begin PBXNativeTarget section */
		CE32727829379B250061784E /* Day 01 */ = {
			isa = PBXNativeTarget;
			buildConfigurationList = CE32728029379B250061784E /* Build configuration list for PBXNativeTarget "Day 01" */;
			buildPhases = (
				CE32727529379B250061784E /* Sources */,
				CE32727629379B250061784E /* Frameworks */,
				CE32727729379B250061784E /* CopyFiles */,
			);
			buildRules = (
			);
			dependencies = (
			);
			name = "Day 01";
			productName = "Advent of Code 2022";
			productReference = CE32727929379B250061784E /* Day 01 */;
			productType = "com.apple.product-type.tool";
		};
		CE8F2C5F29478B8600C52592 /* Day 02 */ = {
			isa = PBXNativeTarget;
			buildConfigurationList = CE8F2C6429478B8600C52592 /* Build configuration list for PBXNativeTarget "Day 02" */;
			buildPhases = (
				CE8F2C5C29478B8600C52592 /* Sources */,
				CE8F2C5D29478B8600C52592 /* Frameworks */,
				CE8F2C5E29478B8600C52592 /* CopyFiles */,
			);
			buildRules = (
			);
			dependencies = (
			);
			name = "Day 02";
			productName = "Day 02";
			productReference = CE8F2C6029478B8600C52592 /* Day 02 */;
			productType = "com.apple.product-type.tool";
		};
		CE8F2C6D29479B8F00C52592 /* Day 03 */ = {
			isa = PBXNativeTarget;
			buildConfigurationList = CE8F2C7229479B8F00C52592 /* Build configuration list for PBXNativeTarget "Day 03" */;
			buildPhases = (
				CE8F2C6A29479B8F00C52592 /* Sources */,
				CE8F2C6B29479B8F00C52592 /* Frameworks */,
				CE8F2C6C29479B8F00C52592 /* CopyFiles */,
			);
			buildRules = (
			);
			dependencies = (
			);
			name = "Day 03";
			productName = "Day 03";
			productReference = CE8F2C6E29479B8F00C52592 /* Day 03 */;
			productType = "com.apple.product-type.tool";
		};
		CE8F2C7F2947E21500C52592 /* Day 04 */ = {
			isa = PBXNativeTarget;
			buildConfigurationList = CE8F2C842947E21600C52592 /* Build configuration list for PBXNativeTarget "Day 04" */;
			buildPhases = (
				CE8F2C7C2947E21500C52592 /* Sources */,
				CE8F2C7D2947E21500C52592 /* Frameworks */,
				CE8F2C7E2947E21500C52592 /* CopyFiles */,
			);
			buildRules = (
			);
			dependencies = (
			);
			name = "Day 04";
			productName = "Day 04";
			productReference = CE8F2C802947E21500C52592 /* Day 04 */;
			productType = "com.apple.product-type.tool";
		};
		CE8F2C8E2947F73E00C52592 /* Day 05 */ = {
			isa = PBXNativeTarget;
			buildConfigurationList = CE8F2C932947F73E00C52592 /* Build configuration list for PBXNativeTarget "Day 05" */;
			buildPhases = (
				CE8F2C8B2947F73E00C52592 /* Sources */,
				CE8F2C8C2947F73E00C52592 /* Frameworks */,
				CE8F2C8D2947F73E00C52592 /* CopyFiles */,
			);
			buildRules = (
			);
			dependencies = (
			);
			name = "Day 05";
			productName = "Day 05";
			productReference = CE8F2C8F2947F73E00C52592 /* Day 05 */;
			productType = "com.apple.product-type.tool";
		};
		CE8F2C9E294890B500C52592 /* Day 06 */ = {
			isa = PBXNativeTarget;
			buildConfigurationList = CE8F2CA3294890B500C52592 /* Build configuration list for PBXNativeTarget "Day 06" */;
			buildPhases = (
				CE8F2C9B294890B500C52592 /* Sources */,
				CE8F2C9C294890B500C52592 /* Frameworks */,
				CE8F2C9D294890B500C52592 /* CopyFiles */,
			);
			buildRules = (
			);
			dependencies = (
			);
			name = "Day 06";
			productName = "Day 06";
			productReference = CE8F2C9F294890B500C52592 /* Day 06 */;
			productType = "com.apple.product-type.tool";
		};
/* End PBXNativeTarget section */

/* Begin PBXProject section */
		CE32727129379B250061784E /* Project object */ = {
			isa = PBXProject;
			attributes = {
				BuildIndependentTargetsInParallel = 1;
				LastSwiftUpdateCheck = 1410;
				LastUpgradeCheck = 1410;
				TargetAttributes = {
					CE32727829379B250061784E = {
						CreatedOnToolsVersion = 14.1;
					};
					CE8F2C5F29478B8600C52592 = {
						CreatedOnToolsVersion = 14.1;
					};
					CE8F2C6D29479B8F00C52592 = {
						CreatedOnToolsVersion = 14.1;
					};
					CE8F2C7F2947E21500C52592 = {
						CreatedOnToolsVersion = 14.1;
					};
					CE8F2C8E2947F73E00C52592 = {
						CreatedOnToolsVersion = 14.1;
					};
					CE8F2C9E294890B500C52592 = {
						CreatedOnToolsVersion = 14.1;
					};
				};
			};
			buildConfigurationList = CE32727429379B250061784E /* Build configuration list for PBXProject "Advent of Code 2022" */;
			compatibilityVersion = "Xcode 14.0";
			developmentRegion = en;
			hasScannedForEncodings = 0;
			knownRegions = (
				en,
				Base,
			);
			mainGroup = CE32727029379B250061784E;
			productRefGroup = CE32727A29379B250061784E /* Products */;
			projectDirPath = "";
			projectRoot = "";
			targets = (
				CE32727829379B250061784E /* Day 01 */,
				CE8F2C5F29478B8600C52592 /* Day 02 */,
				CE8F2C6D29479B8F00C52592 /* Day 03 */,
				CE8F2C7F2947E21500C52592 /* Day 04 */,
				CE8F2C8E2947F73E00C52592 /* Day 05 */,
				CE8F2C9E294890B500C52592 /* Day 06 */,
			);
		};
/* End PBXProject section */

/* Begin PBXSourcesBuildPhase section */
		CE32727529379B250061784E /* Sources */ = {
			isa = PBXSourcesBuildPhase;
			buildActionMask = 2147483647;
			files = (
				CE32727D29379B250061784E /* main.swift in Sources */,
				CE8F2C7929479DBC00C52592 /* Extensions.swift in Sources */,
				CEF8A0312938C7C800EC89AF /* Utils.swift in Sources */,
			);
			runOnlyForDeploymentPostprocessing = 0;
		};
		CE8F2C5C29478B8600C52592 /* Sources */ = {
			isa = PBXSourcesBuildPhase;
			buildActionMask = 2147483647;
			files = (
				CE8F2C6329478B8600C52592 /* main.swift in Sources */,
				CE8F2C7A29479DBC00C52592 /* Extensions.swift in Sources */,
				CE8F2C6929478CC400C52592 /* Utils.swift in Sources */,
			);
			runOnlyForDeploymentPostprocessing = 0;
		};
		CE8F2C6A29479B8F00C52592 /* Sources */ = {
			isa = PBXSourcesBuildPhase;
			buildActionMask = 2147483647;
			files = (
				CE8F2C7129479B8F00C52592 /* main.swift in Sources */,
				CE8F2C7B29479DBC00C52592 /* Extensions.swift in Sources */,
				CE8F2C7729479C0100C52592 /* Utils.swift in Sources */,
			);
			runOnlyForDeploymentPostprocessing = 0;
		};
		CE8F2C7C2947E21500C52592 /* Sources */ = {
			isa = PBXSourcesBuildPhase;
			buildActionMask = 2147483647;
			files = (
				CE8F2C832947E21600C52592 /* main.swift in Sources */,
				CE8F2C892947E28700C52592 /* Extensions.swift in Sources */,
				CE8F2C8A2947E28700C52592 /* Utils.swift in Sources */,
			);
			runOnlyForDeploymentPostprocessing = 0;
		};
		CE8F2C8B2947F73E00C52592 /* Sources */ = {
			isa = PBXSourcesBuildPhase;
			buildActionMask = 2147483647;
			files = (
				CE8F2C922947F73E00C52592 /* main.swift in Sources */,
				CE8F2C9A2948072500C52592 /* Extensions.swift in Sources */,
				CE8F2C992947F7A000C52592 /* Utils.swift in Sources */,
			);
			runOnlyForDeploymentPostprocessing = 0;
		};
		CE8F2C9B294890B500C52592 /* Sources */ = {
			isa = PBXSourcesBuildPhase;
			buildActionMask = 2147483647;
			files = (
				CE8F2CA2294890B500C52592 /* main.swift in Sources */,
				CE8F2CA82948911C00C52592 /* Extensions.swift in Sources */,
				CE8F2CA92948911C00C52592 /* Utils.swift in Sources */,
			);
			runOnlyForDeploymentPostprocessing = 0;
		};
/* End PBXSourcesBuildPhase section */

/* Begin XCBuildConfiguration section */
		CE32727E29379B250061784E /* Debug */ = {
			isa = XCBuildConfiguration;
			buildSettings = {
				ALWAYS_SEARCH_USER_PATHS = NO;
				CLANG_ANALYZER_NONNULL = YES;
				CLANG_ANALYZER_NUMBER_OBJECT_CONVERSION = YES_AGGRESSIVE;
				CLANG_CXX_LANGUAGE_STANDARD = "gnu++20";
				CLANG_ENABLE_MODULES = YES;
				CLANG_ENABLE_OBJC_ARC = YES;
				CLANG_ENABLE_OBJC_WEAK = YES;
				CLANG_WARN_BLOCK_CAPTURE_AUTORELEASING = YES;
				CLANG_WARN_BOOL_CONVERSION = YES;
				CLANG_WARN_COMMA = YES;
				CLANG_WARN_CONSTANT_CONVERSION = YES;
				CLANG_WARN_DEPRECATED_OBJC_IMPLEMENTATIONS = YES;
				CLANG_WARN_DIRECT_OBJC_ISA_USAGE = YES_ERROR;
				CLANG_WARN_DOCUMENTATION_COMMENTS = YES;
				CLANG_WARN_EMPTY_BODY = YES;
				CLANG_WARN_ENUM_CONVERSION = YES;
				CLANG_WARN_INFINITE_RECURSION = YES;
				CLANG_WARN_INT_CONVERSION = YES;
				CLANG_WARN_NON_LITERAL_NULL_CONVERSION = YES;
				CLANG_WARN_OBJC_IMPLICIT_RETAIN_SELF = YES;
				CLANG_WARN_OBJC_LITERAL_CONVERSION = YES;
				CLANG_WARN_OBJC_ROOT_CLASS = YES_ERROR;
				CLANG_WARN_QUOTED_INCLUDE_IN_FRAMEWORK_HEADER = YES;
				CLANG_WARN_RANGE_LOOP_ANALYSIS = YES;
				CLANG_WARN_STRICT_PROTOTYPES = YES;
				CLANG_WARN_SUSPICIOUS_MOVE = YES;
				CLANG_WARN_UNGUARDED_AVAILABILITY = YES_AGGRESSIVE;
				CLANG_WARN_UNREACHABLE_CODE = YES;
				CLANG_WARN__DUPLICATE_METHOD_MATCH = YES;
				COPY_PHASE_STRIP = NO;
				DEBUG_INFORMATION_FORMAT = dwarf;
				ENABLE_STRICT_OBJC_MSGSEND = YES;
				ENABLE_TESTABILITY = YES;
				GCC_C_LANGUAGE_STANDARD = gnu11;
				GCC_DYNAMIC_NO_PIC = NO;
				GCC_NO_COMMON_BLOCKS = YES;
				GCC_OPTIMIZATION_LEVEL = 0;
				GCC_PREPROCESSOR_DEFINITIONS = (
					"DEBUG=1",
					"$(inherited)",
				);
				GCC_WARN_64_TO_32_BIT_CONVERSION = YES;
				GCC_WARN_ABOUT_RETURN_TYPE = YES_ERROR;
				GCC_WARN_UNDECLARED_SELECTOR = YES;
				GCC_WARN_UNINITIALIZED_AUTOS = YES_AGGRESSIVE;
				GCC_WARN_UNUSED_FUNCTION = YES;
				GCC_WARN_UNUSED_VARIABLE = YES;
				MACOSX_DEPLOYMENT_TARGET = 13.0;
				MTL_ENABLE_DEBUG_INFO = INCLUDE_SOURCE;
				MTL_FAST_MATH = YES;
				ONLY_ACTIVE_ARCH = YES;
				SDKROOT = macosx;
				SWIFT_ACTIVE_COMPILATION_CONDITIONS = DEBUG;
				SWIFT_OPTIMIZATION_LEVEL = "-Onone";
			};
			name = Debug;
		};
		CE32727F29379B250061784E /* Release */ = {
			isa = XCBuildConfiguration;
			buildSettings = {
				ALWAYS_SEARCH_USER_PATHS = NO;
				CLANG_ANALYZER_NONNULL = YES;
				CLANG_ANALYZER_NUMBER_OBJECT_CONVERSION = YES_AGGRESSIVE;
				CLANG_CXX_LANGUAGE_STANDARD = "gnu++20";
				CLANG_ENABLE_MODULES = YES;
				CLANG_ENABLE_OBJC_ARC = YES;
				CLANG_ENABLE_OBJC_WEAK = YES;
				CLANG_WARN_BLOCK_CAPTURE_AUTORELEASING = YES;
				CLANG_WARN_BOOL_CONVERSION = YES;
				CLANG_WARN_COMMA = YES;
				CLANG_WARN_CONSTANT_CONVERSION = YES;
				CLANG_WARN_DEPRECATED_OBJC_IMPLEMENTATIONS = YES;
				CLANG_WARN_DIRECT_OBJC_ISA_USAGE = YES_ERROR;
				CLANG_WARN_DOCUMENTATION_COMMENTS = YES;
				CLANG_WARN_EMPTY_BODY = YES;
				CLANG_WARN_ENUM_CONVERSION = YES;
				CLANG_WARN_INFINITE_RECURSION = YES;
				CLANG_WARN_INT_CONVERSION = YES;
				CLANG_WARN_NON_LITERAL_NULL_CONVERSION = YES;
				CLANG_WARN_OBJC_IMPLICIT_RETAIN_SELF = YES;
				CLANG_WARN_OBJC_LITERAL_CONVERSION = YES;
				CLANG_WARN_OBJC_ROOT_CLASS = YES_ERROR;
				CLANG_WARN_QUOTED_INCLUDE_IN_FRAMEWORK_HEADER = YES;
				CLANG_WARN_RANGE_LOOP_ANALYSIS = YES;
				CLANG_WARN_STRICT_PROTOTYPES = YES;
				CLANG_WARN_SUSPICIOUS_MOVE = YES;
				CLANG_WARN_UNGUARDED_AVAILABILITY = YES_AGGRESSIVE;
				CLANG_WARN_UNREACHABLE_CODE = YES;
				CLANG_WARN__DUPLICATE_METHOD_MATCH = YES;
				COPY_PHASE_STRIP = NO;
				DEBUG_INFORMATION_FORMAT = "dwarf-with-dsym";
				ENABLE_NS_ASSERTIONS = NO;
				ENABLE_STRICT_OBJC_MSGSEND = YES;
				GCC_C_LANGUAGE_STANDARD = gnu11;
				GCC_NO_COMMON_BLOCKS = YES;
				GCC_WARN_64_TO_32_BIT_CONVERSION = YES;
				GCC_WARN_ABOUT_RETURN_TYPE = YES_ERROR;
				GCC_WARN_UNDECLARED_SELECTOR = YES;
				GCC_WARN_UNINITIALIZED_AUTOS = YES_AGGRESSIVE;
				GCC_WARN_UNUSED_FUNCTION = YES;
				GCC_WARN_UNUSED_VARIABLE = YES;
				MACOSX_DEPLOYMENT_TARGET = 13.0;
				MTL_ENABLE_DEBUG_INFO = NO;
				MTL_FAST_MATH = YES;
				SDKROOT = macosx;
				SWIFT_COMPILATION_MODE = wholemodule;
				SWIFT_OPTIMIZATION_LEVEL = "-O";
			};
			name = Release;
		};
		CE32728129379B250061784E /* Debug */ = {
			isa = XCBuildConfiguration;
			buildSettings = {
				CODE_SIGN_STYLE = Automatic;
				DEVELOPMENT_TEAM = 5YDPFZTS8D;
				ENABLE_HARDENED_RUNTIME = YES;
				PRODUCT_NAME = "$(TARGET_NAME)";
				SWIFT_VERSION = 5.0;
			};
			name = Debug;
		};
		CE32728229379B250061784E /* Release */ = {
			isa = XCBuildConfiguration;
			buildSettings = {
				CODE_SIGN_STYLE = Automatic;
				DEVELOPMENT_TEAM = 5YDPFZTS8D;
				ENABLE_HARDENED_RUNTIME = YES;
				PRODUCT_NAME = "$(TARGET_NAME)";
				SWIFT_VERSION = 5.0;
			};
			name = Release;
		};
		CE8F2C6529478B8600C52592 /* Debug */ = {
			isa = XCBuildConfiguration;
			buildSettings = {
				CODE_SIGN_STYLE = Automatic;
				DEVELOPMENT_TEAM = 5YDPFZTS8D;
				ENABLE_HARDENED_RUNTIME = YES;
				PRODUCT_NAME = "$(TARGET_NAME)";
				SWIFT_VERSION = 5.0;
			};
			name = Debug;
		};
		CE8F2C6629478B8600C52592 /* Release */ = {
			isa = XCBuildConfiguration;
			buildSettings = {
				CODE_SIGN_STYLE = Automatic;
				DEVELOPMENT_TEAM = 5YDPFZTS8D;
				ENABLE_HARDENED_RUNTIME = YES;
				PRODUCT_NAME = "$(TARGET_NAME)";
				SWIFT_VERSION = 5.0;
			};
			name = Release;
		};
		CE8F2C7329479B8F00C52592 /* Debug */ = {
			isa = XCBuildConfiguration;
			buildSettings = {
				CODE_SIGN_STYLE = Automatic;
				DEVELOPMENT_TEAM = 5YDPFZTS8D;
				ENABLE_HARDENED_RUNTIME = YES;
				PRODUCT_NAME = "$(TARGET_NAME)";
				SWIFT_VERSION = 5.0;
			};
			name = Debug;
		};
		CE8F2C7429479B8F00C52592 /* Release */ = {
			isa = XCBuildConfiguration;
			buildSettings = {
				CODE_SIGN_STYLE = Automatic;
				DEVELOPMENT_TEAM = 5YDPFZTS8D;
				ENABLE_HARDENED_RUNTIME = YES;
				PRODUCT_NAME = "$(TARGET_NAME)";
				SWIFT_VERSION = 5.0;
			};
			name = Release;
		};
		CE8F2C852947E21600C52592 /* Debug */ = {
			isa = XCBuildConfiguration;
			buildSettings = {
				CODE_SIGN_STYLE = Automatic;
				DEVELOPMENT_TEAM = 5YDPFZTS8D;
				ENABLE_HARDENED_RUNTIME = YES;
				PRODUCT_NAME = "$(TARGET_NAME)";
				SWIFT_VERSION = 5.0;
			};
			name = Debug;
		};
		CE8F2C862947E21600C52592 /* Release */ = {
			isa = XCBuildConfiguration;
			buildSettings = {
				CODE_SIGN_STYLE = Automatic;
				DEVELOPMENT_TEAM = 5YDPFZTS8D;
				ENABLE_HARDENED_RUNTIME = YES;
				PRODUCT_NAME = "$(TARGET_NAME)";
				SWIFT_VERSION = 5.0;
			};
			name = Release;
		};
		CE8F2C942947F73E00C52592 /* Debug */ = {
			isa = XCBuildConfiguration;
			buildSettings = {
				CODE_SIGN_STYLE = Automatic;
				DEVELOPMENT_TEAM = 5YDPFZTS8D;
				ENABLE_HARDENED_RUNTIME = YES;
				PRODUCT_NAME = "$(TARGET_NAME)";
				SWIFT_VERSION = 5.0;
			};
			name = Debug;
		};
		CE8F2C952947F73E00C52592 /* Release */ = {
			isa = XCBuildConfiguration;
			buildSettings = {
				CODE_SIGN_STYLE = Automatic;
				DEVELOPMENT_TEAM = 5YDPFZTS8D;
				ENABLE_HARDENED_RUNTIME = YES;
				PRODUCT_NAME = "$(TARGET_NAME)";
				SWIFT_VERSION = 5.0;
			};
			name = Release;
		};
		CE8F2CA4294890B500C52592 /* Debug */ = {
			isa = XCBuildConfiguration;
			buildSettings = {
				CODE_SIGN_STYLE = Automatic;
				DEVELOPMENT_TEAM = 5YDPFZTS8D;
				ENABLE_HARDENED_RUNTIME = YES;
				PRODUCT_NAME = "$(TARGET_NAME)";
				SWIFT_VERSION = 5.0;
			};
			name = Debug;
		};
		CE8F2CA5294890B500C52592 /* Release */ = {
			isa = XCBuildConfiguration;
			buildSettings = {
				CODE_SIGN_STYLE = Automatic;
				DEVELOPMENT_TEAM = 5YDPFZTS8D;
				ENABLE_HARDENED_RUNTIME = YES;
				PRODUCT_NAME = "$(TARGET_NAME)";
				SWIFT_VERSION = 5.0;
			};
			name = Release;
		};
/* End XCBuildConfiguration section */

/* Begin XCConfigurationList section */
		CE32727429379B250061784E /* Build configuration list for PBXProject "Advent of Code 2022" */ = {
			isa = XCConfigurationList;
			buildConfigurations = (
				CE32727E29379B250061784E /* Debug */,
				CE32727F29379B250061784E /* Release */,
			);
			defaultConfigurationIsVisible = 0;
			defaultConfigurationName = Release;
		};
		CE32728029379B250061784E /* Build configuration list for PBXNativeTarget "Day 01" */ = {
			isa = XCConfigurationList;
			buildConfigurations = (
				CE32728129379B250061784E /* Debug */,
				CE32728229379B250061784E /* Release */,
			);
			defaultConfigurationIsVisible = 0;
			defaultConfigurationName = Release;
		};
		CE8F2C6429478B8600C52592 /* Build configuration list for PBXNativeTarget "Day 02" */ = {
			isa = XCConfigurationList;
			buildConfigurations = (
				CE8F2C6529478B8600C52592 /* Debug */,
				CE8F2C6629478B8600C52592 /* Release */,
			);
			defaultConfigurationIsVisible = 0;
			defaultConfigurationName = Release;
		};
		CE8F2C7229479B8F00C52592 /* Build configuration list for PBXNativeTarget "Day 03" */ = {
			isa = XCConfigurationList;
			buildConfigurations = (
				CE8F2C7329479B8F00C52592 /* Debug */,
				CE8F2C7429479B8F00C52592 /* Release */,
			);
			defaultConfigurationIsVisible = 0;
			defaultConfigurationName = Release;
		};
		CE8F2C842947E21600C52592 /* Build configuration list for PBXNativeTarget "Day 04" */ = {
			isa = XCConfigurationList;
			buildConfigurations = (
				CE8F2C852947E21600C52592 /* Debug */,
				CE8F2C862947E21600C52592 /* Release */,
			);
			defaultConfigurationIsVisible = 0;
			defaultConfigurationName = Release;
		};
		CE8F2C932947F73E00C52592 /* Build configuration list for PBXNativeTarget "Day 05" */ = {
			isa = XCConfigurationList;
			buildConfigurations = (
				CE8F2C942947F73E00C52592 /* Debug */,
				CE8F2C952947F73E00C52592 /* Release */,
			);
			defaultConfigurationIsVisible = 0;
			defaultConfigurationName = Release;
		};
		CE8F2CA3294890B500C52592 /* Build configuration list for PBXNativeTarget "Day 06" */ = {
			isa = XCConfigurationList;
			buildConfigurations = (
				CE8F2CA4294890B500C52592 /* Debug */,
				CE8F2CA5294890B500C52592 /* Release */,
			);
			defaultConfigurationIsVisible = 0;
			defaultConfigurationName = Release;
		};
/* End XCConfigurationList section */
	};
	rootObject = CE32727129379B250061784E /* Project object */;
}
